
Microsoft Visual Studio Solution File, Format Version 12.00
# Visual Studio 15
VisualStudioVersion = 15.0.27130.2027
MinimumVisualStudioVersion = 10.0.40219.1
Project("{FAE04EC0-301F-11D3-BF4B-00C04F79EFBC}") = "Core", "Core\Core.csproj", "{436C025D-9C52-49EF-8B47-66F0DE8D6BAB}"
EndProject
Project("{FAE04EC0-301F-11D3-BF4B-00C04F79EFBC}") = "Tests", "Tests\Tests.csproj", "{AA0E9008-1F64-4921-B58A-1F2B9DCC83B3}"
EndProject
Global
	GlobalSection(SolutionConfigurationPlatforms) = preSolution
		Debug|Any CPU = Debug|Any CPU
		Release|Any CPU = Release|Any CPU
	EndGlobalSection
	GlobalSection(ProjectConfigurationPlatforms) = postSolution
		{436C025D-9C52-49EF-8B47-66F0DE8D6BAB}.Debug|Any CPU.ActiveCfg = Debug|Any CPU
		{436C025D-9C52-49EF-8B47-66F0DE8D6BAB}.Debug|Any CPU.Build.0 = Debug|Any CPU
		{436C025D-9C52-49EF-8B47-66F0DE8D6BAB}.Release|Any CPU.ActiveCfg = Release|Any CPU
		{436C025D-9C52-49EF-8B47-66F0DE8D6BAB}.Release|Any CPU.Build.0 = Release|Any CPU
		{AA0E9008-1F64-4921-B58A-1F2B9DCC83B3}.Debug|Any CPU.ActiveCfg = Debug|Any CPU
		{AA0E9008-1F64-4921-B58A-1F2B9DCC83B3}.Debug|Any CPU.Build.0 = Debug|Any CPU
		{AA0E9008-1F64-4921-B58A-1F2B9DCC83B3}.Release|Any CPU.ActiveCfg = Release|Any CPU
		{AA0E9008-1F64-4921-B58A-1F2B9DCC83B3}.Release|Any CPU.Build.0 = Release|Any CPU
	EndGlobalSection
	GlobalSection(SolutionProperties) = preSolution
		HideSolutionNode = FALSE
	EndGlobalSection
	GlobalSection(ExtensibilityGlobals) = postSolution
		SolutionGuid = {FC62F159-B3FC-4E0E-9F08-3B0AA16C2046}
	EndGlobalSection
EndGlobal
